Microsoft Visual Studio Solution File, Format Version 12.00
# Visual Studio Version 17
VisualStudioVersion = 17.5.2.0
MinimumVisualStudioVersion = 10.0.40219.1
Project("{2150E333-8FDC-42A3-9474-1A3956D46DE8}") = "DIo", "DIo", "{3F90916E-E838-D64D-2AA9-C26460864B43}"
EndProject
Project("{FAE04EC0-301F-11D3-BF4B-00C04F79EFBC}") = "Csharp", "DIo\Csharp\Csharp.csproj", "{B408DCF2-0562-8EE8-4865-B508A6FF0B7E}"
EndProject
Global
	GlobalSection(SolutionConfigurationPlatforms) = preSolution
		Debug|Any CPU = Debug|Any CPU
		Release|Any CPU = Release|Any CPU
	EndGlobalSection
	GlobalSection(ProjectConfigurationPlatforms) = postSolution
		{B408DCF2-0562-8EE8-4865-B508A6FF0B7E}.Debug|Any CPU.ActiveCfg = Debug|Any CPU
		{B408DCF2-0562-8EE8-4865-B508A6FF0B7E}.Debug|Any CPU.Build.0 = Debug|Any CPU
		{B408DCF2-0562-8EE8-4865-B508A6FF0B7E}.Release|Any CPU.ActiveCfg = Release|Any CPU
		{B408DCF2-0562-8EE8-4865-B508A6FF0B7E}.Release|Any CPU.Build.0 = Release|Any CPU
	EndGlobalSection
	GlobalSection(SolutionProperties) = preSolution
		HideSolutionNode = FALSE
	EndGlobalSection
	GlobalSection(NestedProjects) = preSolution
		{B408DCF2-0562-8EE8-4865-B508A6FF0B7E} = {3F90916E-E838-D64D-2AA9-C26460864B43}
	EndGlobalSection
	GlobalSection(ExtensibilityGlobals) = postSolution
		SolutionGuid = {BC849831-1F27-43B8-BFBC-E6FAB30374FE}
	EndGlobalSection
EndGlobal
